
Microsoft Visual Studio Solution File, Format Version 12.00
# Visual Studio 14
VisualStudioVersion = 14.0.25420.1
MinimumVisualStudioVersion = 10.0.40219.1
Project("{FAE04EC0-301F-11D3-BF4B-00C04F79EFBC}") = "Rangefinder.Driver", "Rangefinder.Driver\Rangefinder.Driver.csproj", "{93AD392A-733F-4E60-A30D-A26CB95097D5}"
EndProject
Project("{FAE04EC0-301F-11D3-BF4B-00C04F79EFBC}") = "Rangefinder.TestApp", "Rangefinder.TestApp\Rangefinder.TestApp.csproj", "{1F38C88D-D936-40B3-8BEA-12CB92C1E140}"
EndProject
Global
	GlobalSection(SolutionConfigurationPlatforms) = preSolution
		Debug|Any CPU = Debug|Any CPU
		Release|Any CPU = Release|Any CPU
	EndGlobalSection
	GlobalSection(ProjectConfigurationPlatforms) = postSolution
		{93AD392A-733F-4E60-A30D-A26CB95097D5}.Debug|Any CPU.ActiveCfg = Debug|Any CPU
		{93AD392A-733F-4E60-A30D-A26CB95097D5}.Debug|Any CPU.Build.0 = Debug|Any CPU
		{93AD392A-733F-4E60-A30D-A26CB95097D5}.Release|Any CPU.ActiveCfg = Release|Any CPU
		{93AD392A-733F-4E60-A30D-A26CB95097D5}.Release|Any CPU.Build.0 = Release|Any CPU
		{1F38C88D-D936-40B3-8BEA-12CB92C1E140}.Debug|Any CPU.ActiveCfg = Debug|Any CPU
		{1F38C88D-D936-40B3-8BEA-12CB92C1E140}.Debug|Any CPU.Build.0 = Debug|Any CPU
		{1F38C88D-D936-40B3-8BEA-12CB92C1E140}.Release|Any CPU.ActiveCfg = Release|Any CPU
		{1F38C88D-D936-40B3-8BEA-12CB92C1E140}.Release|Any CPU.Build.0 = Release|Any CPU
	EndGlobalSection
	GlobalSection(SolutionProperties) = preSolution
		HideSolutionNode = FALSE
	EndGlobalSection
EndGlobal
